
Microsoft Visual Studio Solution File, Format Version 12.00
# Visual Studio Version 17
VisualStudioVersion = 17.13.35828.75 d17.13
MinimumVisualStudioVersion = 10.0.40219.1
Project("{FAE04EC0-301F-11D3-BF4B-00C04F79EFBC}") = "Listas", "Listas\Listas.csproj", "{8ED64AD0-F359-4732-83B5-FBC033D3B351}"
EndProject
Project("{FAE04EC0-301F-11D3-BF4B-00C04F79EFBC}") = "Dominio", "Dominio\Dominio.csproj", "{5A81CE6F-BBA6-4E47-B146-A8B117461A2A}"
EndProject
Global
	GlobalSection(SolutionConfigurationPlatforms) = preSolution
		Debug|Any CPU = Debug|Any CPU
		Release|Any CPU = Release|Any CPU
	EndGlobalSection
	GlobalSection(ProjectConfigurationPlatforms) = postSolution
		{8ED64AD0-F359-4732-83B5-FBC033D3B351}.Debug|Any CPU.ActiveCfg = Debug|Any CPU
		{8ED64AD0-F359-4732-83B5-FBC033D3B351}.Debug|Any CPU.Build.0 = Debug|Any CPU
		{8ED64AD0-F359-4732-83B5-FBC033D3B351}.Release|Any CPU.ActiveCfg = Release|Any CPU
		{8ED64AD0-F359-4732-83B5-FBC033D3B351}.Release|Any CPU.Build.0 = Release|Any CPU
		{5A81CE6F-BBA6-4E47-B146-A8B117461A2A}.Debug|Any CPU.ActiveCfg = Debug|Any CPU
		{5A81CE6F-BBA6-4E47-B146-A8B117461A2A}.Debug|Any CPU.Build.0 = Debug|Any CPU
		{5A81CE6F-BBA6-4E47-B146-A8B117461A2A}.Release|Any CPU.ActiveCfg = Release|Any CPU
		{5A81CE6F-BBA6-4E47-B146-A8B117461A2A}.Release|Any CPU.Build.0 = Release|Any CPU
	EndGlobalSection
	GlobalSection(SolutionProperties) = preSolution
		HideSolutionNode = FALSE
	EndGlobalSection
	GlobalSection(ExtensibilityGlobals) = postSolution
		SolutionGuid = {987F6CD4-2D91-4400-9FD5-39627D02E192}
	EndGlobalSection
EndGlobal
